
Microsoft Visual Studio Solution File, Format Version 12.00
# Visual Studio Version 16
VisualStudioVersion = 16.0.30717.126
MinimumVisualStudioVersion = 10.0.40219.1
Project("{FAE04EC0-301F-11D3-BF4B-00C04F79EFBC}") = "Sol_Demo.Android", "Sol_Demo\Sol_Demo.Android\Sol_Demo.Android.csproj", "{24A65B4D-270F-49FC-9B94-AF96A3E7BD2A}"
EndProject
Project("{FAE04EC0-301F-11D3-BF4B-00C04F79EFBC}") = "Sol_Demo", "Sol_Demo\Sol_Demo\Sol_Demo.csproj", "{93E82BB3-274D-4EDF-BB3A-3EE0AEF46FF1}"
EndProject
Global
	GlobalSection(SolutionConfigurationPlatforms) = preSolution
		Debug|Any CPU = Debug|Any CPU
		Release|Any CPU = Release|Any CPU
	EndGlobalSection
	GlobalSection(ProjectConfigurationPlatforms) = postSolution
		{24A65B4D-270F-49FC-9B94-AF96A3E7BD2A}.Debug|Any CPU.ActiveCfg = Debug|Any CPU
		{24A65B4D-270F-49FC-9B94-AF96A3E7BD2A}.Debug|Any CPU.Build.0 = Debug|Any CPU
		{24A65B4D-270F-49FC-9B94-AF96A3E7BD2A}.Debug|Any CPU.Deploy.0 = Debug|Any CPU
		{24A65B4D-270F-49FC-9B94-AF96A3E7BD2A}.Release|Any CPU.ActiveCfg = Release|Any CPU
		{24A65B4D-270F-49FC-9B94-AF96A3E7BD2A}.Release|Any CPU.Build.0 = Release|Any CPU
		{24A65B4D-270F-49FC-9B94-AF96A3E7BD2A}.Release|Any CPU.Deploy.0 = Release|Any CPU
		{93E82BB3-274D-4EDF-BB3A-3EE0AEF46FF1}.Debug|Any CPU.ActiveCfg = Debug|Any CPU
		{93E82BB3-274D-4EDF-BB3A-3EE0AEF46FF1}.Debug|Any CPU.Build.0 = Debug|Any CPU
		{93E82BB3-274D-4EDF-BB3A-3EE0AEF46FF1}.Debug|Any CPU.Deploy.0 = Debug|Any CPU
		{93E82BB3-274D-4EDF-BB3A-3EE0AEF46FF1}.Release|Any CPU.ActiveCfg = Release|Any CPU
		{93E82BB3-274D-4EDF-BB3A-3EE0AEF46FF1}.Release|Any CPU.Build.0 = Release|Any CPU
		{93E82BB3-274D-4EDF-BB3A-3EE0AEF46FF1}.Release|Any CPU.Deploy.0 = Release|Any CPU
	EndGlobalSection
	GlobalSection(SolutionProperties) = preSolution
		HideSolutionNode = FALSE
	EndGlobalSection
	GlobalSection(ExtensibilityGlobals) = postSolution
		SolutionGuid = {06DE4FF3-5D3B-4654-86BC-DA47FFAD5725}
	EndGlobalSection
EndGlobal
